
Microsoft Visual Studio Solution File, Format Version 12.00
# Visual Studio Version 17
VisualStudioVersion = 17.12.35527.113
MinimumVisualStudioVersion = 10.0.40219.1
Project("{FAE04EC0-301F-11D3-BF4B-00C04F79EFBC}") = "DxBlazorApplication", "DxBlazorApplication\DxBlazorApplication\DxBlazorApplication.csproj", "{DD91F453-7B7C-437B-9CB4-639CCE8F7AD3}"
EndProject
Project("{FAE04EC0-301F-11D3-BF4B-00C04F79EFBC}") = "DxBlazorApplication.Client", "DxBlazorApplication\DxBlazorApplication.Client\DxBlazorApplication.Client.csproj", "{0ACF4C86-B5A8-4D92-88FC-18580489B16D}"
EndProject
Global
	GlobalSection(SolutionConfigurationPlatforms) = preSolution
		Debug|Any CPU = Debug|Any CPU
		Release|Any CPU = Release|Any CPU
	EndGlobalSection
	GlobalSection(ProjectConfigurationPlatforms) = postSolution
		{DD91F453-7B7C-437B-9CB4-639CCE8F7AD3}.Debug|Any CPU.ActiveCfg = Debug|Any CPU
		{DD91F453-7B7C-437B-9CB4-639CCE8F7AD3}.Debug|Any CPU.Build.0 = Debug|Any CPU
		{DD91F453-7B7C-437B-9CB4-639CCE8F7AD3}.Release|Any CPU.ActiveCfg = Release|Any CPU
		{DD91F453-7B7C-437B-9CB4-639CCE8F7AD3}.Release|Any CPU.Build.0 = Release|Any CPU
		{0ACF4C86-B5A8-4D92-88FC-18580489B16D}.Debug|Any CPU.ActiveCfg = Debug|Any CPU
		{0ACF4C86-B5A8-4D92-88FC-18580489B16D}.Debug|Any CPU.Build.0 = Debug|Any CPU
		{0ACF4C86-B5A8-4D92-88FC-18580489B16D}.Release|Any CPU.ActiveCfg = Release|Any CPU
		{0ACF4C86-B5A8-4D92-88FC-18580489B16D}.Release|Any CPU.Build.0 = Release|Any CPU
	EndGlobalSection
	GlobalSection(SolutionProperties) = preSolution
		HideSolutionNode = FALSE
	EndGlobalSection
EndGlobal
